Microsoft Visual Studio Solution File, Format Version 11.00
# Visual Studio 2008

Project("{FD9F9B1C-8E12-1E47-39E2-81149741CA7C}") = "testMap1", "Assembly-CSharp-firstpass.csproj", "{6152C16A-4569-594E-DAE4-9A7A1C2D3F8A}"
EndProject
Project("{FD9F9B1C-8E12-1E47-39E2-81149741CA7C}") = "testMap1", "Assembly-CSharp-Editor.csproj", "{3119407F-6CBD-5AC5-EB4F-C06281A1989B}"
EndProject
Global
	GlobalSection(SolutionConfigurationPlatforms) = preSolution
		Debug|Any CPU = Debug|Any CPU
		Release|Any CPU = Release|Any CPU
	EndGlobalSection
	GlobalSection(ProjectConfigurationPlatforms) = postSolution
		{6152C16A-4569-594E-DAE4-9A7A1C2D3F8A}.Debug|Any CPU.ActiveCfg = Debug|Any CPU
		{6152C16A-4569-594E-DAE4-9A7A1C2D3F8A}.Debug|Any CPU.Build.0 = Debug|Any CPU
		{6152C16A-4569-594E-DAE4-9A7A1C2D3F8A}.Release|Any CPU.ActiveCfg = Release|Any CPU
		{6152C16A-4569-594E-DAE4-9A7A1C2D3F8A}.Release|Any CPU.Build.0 = Release|Any CPU
		{3119407F-6CBD-5AC5-EB4F-C06281A1989B}.Debug|Any CPU.ActiveCfg = Debug|Any CPU
		{3119407F-6CBD-5AC5-EB4F-C06281A1989B}.Debug|Any CPU.Build.0 = Debug|Any CPU
		{3119407F-6CBD-5AC5-EB4F-C06281A1989B}.Release|Any CPU.ActiveCfg = Release|Any CPU
		{3119407F-6CBD-5AC5-EB4F-C06281A1989B}.Release|Any CPU.Build.0 = Release|Any CPU
	EndGlobalSection
	GlobalSection(SolutionProperties) = preSolution
		HideSolutionNode = FALSE
	EndGlobalSection
																			GlobalSection(MonoDevelopProperties) = preSolution
		StartupItem = Assembly-CSharp.csproj
		Policies = $0
		$0.TextStylePolicy = $1
		$1.inheritsSet = null
		$1.scope = text/x-csharp
		$0.CSharpFormattingPolicy = $2
		$2.inheritsSet = Mono
		$2.inheritsScope = text/x-csharp
		$2.scope = text/x-csharp
		$0.TextStylePolicy = $3
		$3.FileWidth = 120
		$3.TabWidth = 4
		$3.IndentWidth = 4
		$3.EolMarker = Unix
		$3.inheritsSet = Mono
		$3.inheritsScope = text/plain
		$3.scope = text/plain
	EndGlobalSection

EndGlobal
