Microsoft Visual Studio Solution File, Format Version 11.00
# Visual Studio 2008

Project("{F0264468-4C36-14A3-0121-EB123C5AAE8F}") = "testMap1.V.0.2", "Assembly-CSharp-firstpass.csproj", "{ADA1F4C1-E9D7-3E5C-86F1-BB2830D03227}"
EndProject
Project("{F0264468-4C36-14A3-0121-EB123C5AAE8F}") = "testMap1.V.0.2", "Assembly-CSharp.csproj", "{DB3F2B2A-2639-BAAD-76B8-2D5B90F6B963}"
EndProject
Project("{F0264468-4C36-14A3-0121-EB123C5AAE8F}") = "testMap1.V.0.2", "Assembly-CSharp-Editor.csproj", "{2BEDD74B-52A7-9D4F-587A-5DC05702AFC6}"
EndProject
Project("{F0264468-4C36-14A3-0121-EB123C5AAE8F}") = "testMap1.V.0.2", "Assembly-UnityScript.unityproj", "{212103B3-107B-66C0-AB67-3D48D39A6485}"
EndProject
Global
	GlobalSection(SolutionConfigurationPlatforms) = preSolution
		Debug|Any CPU = Debug|Any CPU
		Release|Any CPU = Release|Any CPU
	EndGlobalSection
	GlobalSection(ProjectConfigurationPlatforms) = postSolution
		{ADA1F4C1-E9D7-3E5C-86F1-BB2830D03227}.Debug|Any CPU.ActiveCfg = Debug|Any CPU
		{ADA1F4C1-E9D7-3E5C-86F1-BB2830D03227}.Debug|Any CPU.Build.0 = Debug|Any CPU
		{ADA1F4C1-E9D7-3E5C-86F1-BB2830D03227}.Release|Any CPU.ActiveCfg = Release|Any CPU
		{ADA1F4C1-E9D7-3E5C-86F1-BB2830D03227}.Release|Any CPU.Build.0 = Release|Any CPU
		{DB3F2B2A-2639-BAAD-76B8-2D5B90F6B963}.Debug|Any CPU.ActiveCfg = Debug|Any CPU
		{DB3F2B2A-2639-BAAD-76B8-2D5B90F6B963}.Debug|Any CPU.Build.0 = Debug|Any CPU
		{DB3F2B2A-2639-BAAD-76B8-2D5B90F6B963}.Release|Any CPU.ActiveCfg = Release|Any CPU
		{DB3F2B2A-2639-BAAD-76B8-2D5B90F6B963}.Release|Any CPU.Build.0 = Release|Any CPU
		{2BEDD74B-52A7-9D4F-587A-5DC05702AFC6}.Debug|Any CPU.ActiveCfg = Debug|Any CPU
		{2BEDD74B-52A7-9D4F-587A-5DC05702AFC6}.Debug|Any CPU.Build.0 = Debug|Any CPU
		{2BEDD74B-52A7-9D4F-587A-5DC05702AFC6}.Release|Any CPU.ActiveCfg = Release|Any CPU
		{2BEDD74B-52A7-9D4F-587A-5DC05702AFC6}.Release|Any CPU.Build.0 = Release|Any CPU
		{212103B3-107B-66C0-AB67-3D48D39A6485}.Debug|Any CPU.ActiveCfg = Debug|Any CPU
		{212103B3-107B-66C0-AB67-3D48D39A6485}.Debug|Any CPU.Build.0 = Debug|Any CPU
		{212103B3-107B-66C0-AB67-3D48D39A6485}.Release|Any CPU.ActiveCfg = Release|Any CPU
		{212103B3-107B-66C0-AB67-3D48D39A6485}.Release|Any CPU.Build.0 = Release|Any CPU
	EndGlobalSection
	GlobalSection(SolutionProperties) = preSolution
		HideSolutionNode = FALSE
	EndGlobalSection
																																																												GlobalSection(MonoDevelopProperties) = preSolution
		StartupItem = Assembly-CSharp.csproj
		Policies = $0
		$0.TextStylePolicy = $1
		$1.inheritsSet = null
		$1.scope = text/x-csharp
		$0.CSharpFormattingPolicy = $2
		$2.inheritsSet = Mono
		$2.inheritsScope = text/x-csharp
		$2.scope = text/x-csharp
		$0.TextStylePolicy = $3
		$3.FileWidth = 120
		$3.TabWidth = 4
		$3.IndentWidth = 4
		$3.EolMarker = Unix
		$3.inheritsSet = Mono
		$3.inheritsScope = text/plain
		$3.scope = text/plain
	EndGlobalSection

EndGlobal
