Microsoft Visual Studio Solution File, Format Version 11.00
# Visual Studio 2008

Project("{2C334209-9F62-3A05-5771-114100DF996D}") = "JumpAheadSoutenance3Test", "Assembly-CSharp-firstpass.csproj", "{5BE56D0C-184F-2CCA-8942-3651E3AB29DE}"
EndProject
Project("{2C334209-9F62-3A05-5771-114100DF996D}") = "JumpAheadSoutenance3Test", "Assembly-CSharp.csproj", "{2E8E3C95-B51F-4D47-0910-57E5F37314F7}"
EndProject
Project("{2C334209-9F62-3A05-5771-114100DF996D}") = "JumpAheadSoutenance3Test", "Assembly-CSharp-Editor.csproj", "{9D6A2F4D-A0D0-DA1A-F354-AD83D438C180}"
EndProject
Project("{2C334209-9F62-3A05-5771-114100DF996D}") = "JumpAheadSoutenance3Test", "Assembly-UnityScript.unityproj", "{93485AF5-CF2A-1923-82EC-50FD702637A2}"
EndProject
Global
	GlobalSection(SolutionConfigurationPlatforms) = preSolution
		Debug|Any CPU = Debug|Any CPU
		Release|Any CPU = Release|Any CPU
	EndGlobalSection
	GlobalSection(ProjectConfigurationPlatforms) = postSolution
		{5BE56D0C-184F-2CCA-8942-3651E3AB29DE}.Debug|Any CPU.ActiveCfg = Debug|Any CPU
		{5BE56D0C-184F-2CCA-8942-3651E3AB29DE}.Debug|Any CPU.Build.0 = Debug|Any CPU
		{5BE56D0C-184F-2CCA-8942-3651E3AB29DE}.Release|Any CPU.ActiveCfg = Release|Any CPU
		{5BE56D0C-184F-2CCA-8942-3651E3AB29DE}.Release|Any CPU.Build.0 = Release|Any CPU
		{2E8E3C95-B51F-4D47-0910-57E5F37314F7}.Debug|Any CPU.ActiveCfg = Debug|Any CPU
		{2E8E3C95-B51F-4D47-0910-57E5F37314F7}.Debug|Any CPU.Build.0 = Debug|Any CPU
		{2E8E3C95-B51F-4D47-0910-57E5F37314F7}.Release|Any CPU.ActiveCfg = Release|Any CPU
		{2E8E3C95-B51F-4D47-0910-57E5F37314F7}.Release|Any CPU.Build.0 = Release|Any CPU
		{9D6A2F4D-A0D0-DA1A-F354-AD83D438C180}.Debug|Any CPU.ActiveCfg = Debug|Any CPU
		{9D6A2F4D-A0D0-DA1A-F354-AD83D438C180}.Debug|Any CPU.Build.0 = Debug|Any CPU
		{9D6A2F4D-A0D0-DA1A-F354-AD83D438C180}.Release|Any CPU.ActiveCfg = Release|Any CPU
		{9D6A2F4D-A0D0-DA1A-F354-AD83D438C180}.Release|Any CPU.Build.0 = Release|Any CPU
		{93485AF5-CF2A-1923-82EC-50FD702637A2}.Debug|Any CPU.ActiveCfg = Debug|Any CPU
		{93485AF5-CF2A-1923-82EC-50FD702637A2}.Debug|Any CPU.Build.0 = Debug|Any CPU
		{93485AF5-CF2A-1923-82EC-50FD702637A2}.Release|Any CPU.ActiveCfg = Release|Any CPU
		{93485AF5-CF2A-1923-82EC-50FD702637A2}.Release|Any CPU.Build.0 = Release|Any CPU
	EndGlobalSection
	GlobalSection(SolutionProperties) = preSolution
		HideSolutionNode = FALSE
	EndGlobalSection
																																														GlobalSection(MonoDevelopProperties) = preSolution
		StartupItem = Assembly-CSharp.csproj
		Policies = $0
		$0.TextStylePolicy = $1
		$1.inheritsSet = null
		$1.scope = text/x-csharp
		$0.CSharpFormattingPolicy = $2
		$2.inheritsSet = Mono
		$2.inheritsScope = text/x-csharp
		$2.scope = text/x-csharp
		$0.TextStylePolicy = $3
		$3.FileWidth = 120
		$3.TabWidth = 4
		$3.IndentWidth = 4
		$3.EolMarker = Unix
		$3.inheritsSet = Mono
		$3.inheritsScope = text/plain
		$3.scope = text/plain
	EndGlobalSection

EndGlobal
